
Microsoft Visual Studio Solution File, Format Version 12.00
# Visual Studio 15
VisualStudioVersion = 15.0.27130.2020
MinimumVisualStudioVersion = 10.0.40219.1
Project("{FAE04EC0-301F-11D3-BF4B-00C04F79EFBC}") = "LowerCase", "LowerCase\LowerCase.csproj", "{526F7095-E52A-4150-A8A9-87644B1EFA4D}"
EndProject
Project("{FAE04EC0-301F-11D3-BF4B-00C04F79EFBC}") = "Palindrome", "Palindrome\Palindrome.csproj", "{6F5B060F-E140-4658-A2EB-193C47C421DE}"
EndProject
Project("{FAE04EC0-301F-11D3-BF4B-00C04F79EFBC}") = "Format", "Format\Format.csproj", "{69EE3F1A-F36C-472B-A9E7-EC64F1529F32}"
EndProject
Global
	GlobalSection(SolutionConfigurationPlatforms) = preSolution
		Debug|Any CPU = Debug|Any CPU
		Release|Any CPU = Release|Any CPU
	EndGlobalSection
	GlobalSection(ProjectConfigurationPlatforms) = postSolution
		{526F7095-E52A-4150-A8A9-87644B1EFA4D}.Debug|Any CPU.ActiveCfg = Debug|Any CPU
		{526F7095-E52A-4150-A8A9-87644B1EFA4D}.Debug|Any CPU.Build.0 = Debug|Any CPU
		{526F7095-E52A-4150-A8A9-87644B1EFA4D}.Release|Any CPU.ActiveCfg = Release|Any CPU
		{526F7095-E52A-4150-A8A9-87644B1EFA4D}.Release|Any CPU.Build.0 = Release|Any CPU
		{6F5B060F-E140-4658-A2EB-193C47C421DE}.Debug|Any CPU.ActiveCfg = Debug|Any CPU
		{6F5B060F-E140-4658-A2EB-193C47C421DE}.Debug|Any CPU.Build.0 = Debug|Any CPU
		{6F5B060F-E140-4658-A2EB-193C47C421DE}.Release|Any CPU.ActiveCfg = Release|Any CPU
		{6F5B060F-E140-4658-A2EB-193C47C421DE}.Release|Any CPU.Build.0 = Release|Any CPU
		{69EE3F1A-F36C-472B-A9E7-EC64F1529F32}.Debug|Any CPU.ActiveCfg = Debug|Any CPU
		{69EE3F1A-F36C-472B-A9E7-EC64F1529F32}.Debug|Any CPU.Build.0 = Debug|Any CPU
		{69EE3F1A-F36C-472B-A9E7-EC64F1529F32}.Release|Any CPU.ActiveCfg = Release|Any CPU
		{69EE3F1A-F36C-472B-A9E7-EC64F1529F32}.Release|Any CPU.Build.0 = Release|Any CPU
	EndGlobalSection
	GlobalSection(SolutionProperties) = preSolution
		HideSolutionNode = FALSE
	EndGlobalSection
	GlobalSection(ExtensibilityGlobals) = postSolution
		SolutionGuid = {8CDF0605-D06C-465B-8724-34265882267A}
	EndGlobalSection
EndGlobal
